
Microsoft Visual Studio Solution File, Format Version 12.00
# Visual Studio Version 16
VisualStudioVersion = 16.0.29709.97
MinimumVisualStudioVersion = 10.0.40219.1
Project("{FAE04EC0-301F-11D3-BF4B-00C04F79EFBC}") = "Sistema Nomina v1.0", "Sistema Nomina v1.0\Sistema Nomina v1.0.csproj", "{FB2F672E-E7A6-4688-B162-AE4B94FED0DB}"
EndProject
Global
	GlobalSection(SolutionConfigurationPlatforms) = preSolution
		Debug|Any CPU = Debug|Any CPU
		Release|Any CPU = Release|Any CPU
	EndGlobalSection
	GlobalSection(ProjectConfigurationPlatforms) = postSolution
		{FB2F672E-E7A6-4688-B162-AE4B94FED0DB}.Debug|Any CPU.ActiveCfg = Debug|Any CPU
		{FB2F672E-E7A6-4688-B162-AE4B94FED0DB}.Debug|Any CPU.Build.0 = Debug|Any CPU
		{FB2F672E-E7A6-4688-B162-AE4B94FED0DB}.Release|Any CPU.ActiveCfg = Release|Any CPU
		{FB2F672E-E7A6-4688-B162-AE4B94FED0DB}.Release|Any CPU.Build.0 = Release|Any CPU
	EndGlobalSection
	GlobalSection(SolutionProperties) = preSolution
		HideSolutionNode = FALSE
	EndGlobalSection
	GlobalSection(ExtensibilityGlobals) = postSolution
		SolutionGuid = {CB47D6E2-7012-477D-A549-A5D74816411B}
	EndGlobalSection
EndGlobal
